
Microsoft Visual Studio Solution File, Format Version 12.00
# Visual Studio Version 16
VisualStudioVersion = 16.0.30011.22
MinimumVisualStudioVersion = 10.0.40219.1
Project("{9A19103F-16F7-4668-BE54-9A1E7A4F7556}") = "ResponsabilidadUnica", "ResponsabilidadUnica\ResponsabilidadUnica.csproj", "{4CA46E6A-F2F2-41E2-B5B7-EABA3D82F0E7}"
EndProject
Project("{9A19103F-16F7-4668-BE54-9A1E7A4F7556}") = "abiertoCerrado", "AbiertoCerrado\abiertoCerrado.csproj", "{D2ACD79E-127D-4E33-98C5-88D9262F3DAE}"
EndProject
Project("{9A19103F-16F7-4668-BE54-9A1E7A4F7556}") = "Liskov", "Liskov\Liskov.csproj", "{5F4A032D-AECC-4ACA-98EE-9E5720E7409B}"
EndProject
Project("{9A19103F-16F7-4668-BE54-9A1E7A4F7556}") = "SegregacionInterfaces", "SegregacionInterfaces\SegregacionInterfaces.csproj", "{D658326B-1218-4DF8-8EDC-9AE00FBF08CE}"
EndProject
Global
	GlobalSection(SolutionConfigurationPlatforms) = preSolution
		Debug|Any CPU = Debug|Any CPU
		Release|Any CPU = Release|Any CPU
	EndGlobalSection
	GlobalSection(ProjectConfigurationPlatforms) = postSolution
		{4CA46E6A-F2F2-41E2-B5B7-EABA3D82F0E7}.Debug|Any CPU.ActiveCfg = Debug|Any CPU
		{4CA46E6A-F2F2-41E2-B5B7-EABA3D82F0E7}.Debug|Any CPU.Build.0 = Debug|Any CPU
		{4CA46E6A-F2F2-41E2-B5B7-EABA3D82F0E7}.Release|Any CPU.ActiveCfg = Release|Any CPU
		{4CA46E6A-F2F2-41E2-B5B7-EABA3D82F0E7}.Release|Any CPU.Build.0 = Release|Any CPU
		{D2ACD79E-127D-4E33-98C5-88D9262F3DAE}.Debug|Any CPU.ActiveCfg = Debug|Any CPU
		{D2ACD79E-127D-4E33-98C5-88D9262F3DAE}.Debug|Any CPU.Build.0 = Debug|Any CPU
		{D2ACD79E-127D-4E33-98C5-88D9262F3DAE}.Release|Any CPU.ActiveCfg = Release|Any CPU
		{D2ACD79E-127D-4E33-98C5-88D9262F3DAE}.Release|Any CPU.Build.0 = Release|Any CPU
		{5F4A032D-AECC-4ACA-98EE-9E5720E7409B}.Debug|Any CPU.ActiveCfg = Debug|Any CPU
		{5F4A032D-AECC-4ACA-98EE-9E5720E7409B}.Debug|Any CPU.Build.0 = Debug|Any CPU
		{5F4A032D-AECC-4ACA-98EE-9E5720E7409B}.Release|Any CPU.ActiveCfg = Release|Any CPU
		{5F4A032D-AECC-4ACA-98EE-9E5720E7409B}.Release|Any CPU.Build.0 = Release|Any CPU
		{D658326B-1218-4DF8-8EDC-9AE00FBF08CE}.Debug|Any CPU.ActiveCfg = Debug|Any CPU
		{D658326B-1218-4DF8-8EDC-9AE00FBF08CE}.Debug|Any CPU.Build.0 = Debug|Any CPU
		{D658326B-1218-4DF8-8EDC-9AE00FBF08CE}.Release|Any CPU.ActiveCfg = Release|Any CPU
		{D658326B-1218-4DF8-8EDC-9AE00FBF08CE}.Release|Any CPU.Build.0 = Release|Any CPU
	EndGlobalSection
	GlobalSection(SolutionProperties) = preSolution
		HideSolutionNode = FALSE
	EndGlobalSection
	GlobalSection(ExtensibilityGlobals) = postSolution
		SolutionGuid = {3397E136-58D5-454D-8F7F-308620187C02}
	EndGlobalSection
EndGlobal
